
Microsoft Visual Studio Solution File, Format Version 12.00
# Visual Studio Version 17
VisualStudioVersion = 17.4.33205.214
MinimumVisualStudioVersion = 10.0.40219.1
Project("{FAE04EC0-301F-11D3-BF4B-00C04F79EFBC}") = "basic_csharp", "basic_csharp\basic_csharp.csproj", "{F3B7D325-A2D4-4773-B8CA-DFF215AF9CCA}"
EndProject
Global
	GlobalSection(SolutionConfigurationPlatforms) = preSolution
		Debug|Any CPU = Debug|Any CPU
		Release|Any CPU = Release|Any CPU
	EndGlobalSection
	GlobalSection(ProjectConfigurationPlatforms) = postSolution
		{F3B7D325-A2D4-4773-B8CA-DFF215AF9CCA}.Debug|Any CPU.ActiveCfg = Debug|Any CPU
		{F3B7D325-A2D4-4773-B8CA-DFF215AF9CCA}.Debug|Any CPU.Build.0 = Debug|Any CPU
		{F3B7D325-A2D4-4773-B8CA-DFF215AF9CCA}.Release|Any CPU.ActiveCfg = Release|Any CPU
		{F3B7D325-A2D4-4773-B8CA-DFF215AF9CCA}.Release|Any CPU.Build.0 = Release|Any CPU
	EndGlobalSection
	GlobalSection(SolutionProperties) = preSolution
		HideSolutionNode = FALSE
	EndGlobalSection
	GlobalSection(ExtensibilityGlobals) = postSolution
		SolutionGuid = {A1C720D9-AD59-42DD-B12E-AD4CE9EE0A41}
	EndGlobalSection
EndGlobal
